{
    "_readme": [
        "This file locks the dependencies of your project to a known state",
        "Read more about it at https://getcomposer.org/doc/01-basic-usage.md#composer-lock-the-lock-file",
        "This file is @generated automatically"
    ],
    "hash": "4204c15ee5e07dfe5e3eebf5c6a3c9cc",
    "content-hash": "8bbfdd28a24d5f1b46ce4830df80f373",
    "packages": [
        {
            "name": "dwij/laeditor",
            "version": "0.1.6",
            "source": {
                "type": "git",
                "url": "https://github.com/dwijitsolutions/laeditor.git",
                "reference": "b9262a22b41cd564952b04997dee35967d45ad86"
            },
            "dist": {
                "type": "zip",
                "url": "https://api.github.com/repos/dwijitsolutions/laeditor/zipball/b9262a22b41cd564952b04997dee35967d45ad86",
                "reference": "b9262a22b41cd564952b04997dee35967d45ad86",
                "shasum": ""
            },
            "type": "library",
            "autoload": {
                "psr-4": {
                    "Dwij\\Laeditor\\": "src/"
                },
                "files": []
            },
            "notification-url": "https://packagist.org/downloads/",
            "license": [
                "MIT"
            ],
            "authors": [
                {
                    "name": "Ganesh Bhosale",
                    "email": "ganesh@dwij.in"
                }
            ],
            "description": "LAEditor is Code Editor for LaraAdmin which is a Open source Admin Panel for Laravel based Applications & CRM's.",
            "homepage": "http://laraadmin.com",
            "keywords": [
                "admin panel",
                "code editor",
                "laraadmin",
                "laravel"
            ],
            "time": "2016-10-20 11:39:33"
        }
    ],
    "packages-dev": [],
    "aliases": [],
    "minimum-stability": "stable",
    "stability-flags": [],
    "prefer-stable": false,
    "prefer-lowest": false,
    "platform": [],
    "platform-dev": []
}
